
Microsoft Visual Studio Solution File, Format Version 12.00
# Visual Studio Version 17
VisualStudioVersion = 17.12.35521.163
MinimumVisualStudioVersion = 10.0.40219.1
Project("{8BC9CEB8-8B4A-11D0-8D11-00A0C91BC942}") = "Day 1", "Day 1\Day 1.vcxproj", "{08E975AA-D084-42FF-B34A-9BB007FA0AC5}"
EndProject
Project("{8BC9CEB8-8B4A-11D0-8D11-00A0C91BC942}") = "Day 2", "Day 2\Day 2.vcxproj", "{65048666-7455-4734-87B4-00A53C85C6CD}"
EndProject
Project("{8BC9CEB8-8B4A-11D0-8D11-00A0C91BC942}") = "Day 3", "Day 3\Day 3.vcxproj", "{17EEC690-9498-4E3B-A1CC-274E0E1F06A3}"
EndProject
Project("{8BC9CEB8-8B4A-11D0-8D11-00A0C91BC942}") = "Day 4", "Day 4\Day 4.vcxproj", "{F0AFE93E-7137-40FF-81C1-DB7F7E800DF6}"
EndProject
Project("{8BC9CEB8-8B4A-11D0-8D11-00A0C91BC942}") = "Day 5", "Day 5\Day 5.vcxproj", "{B6961F5C-E43B-46F2-B459-F4696ED76535}"
EndProject
Project("{8BC9CEB8-8B4A-11D0-8D11-00A0C91BC942}") = "Day 6", "Day 6\Day 6.vcxproj", "{AE4CEFB9-8CB3-40A7-8000-AD545F9CCE9C}"
EndProject
Project("{8BC9CEB8-8B4A-11D0-8D11-00A0C91BC942}") = "Day 7", "Day 7\Day 7.vcxproj", "{46E22CB1-4A5A-4450-9292-32036FC08566}"
EndProject
Project("{8BC9CEB8-8B4A-11D0-8D11-00A0C91BC942}") = "Day 9", "Day 9\Day 9.vcxproj", "{2DD779C0-2278-45F1-8417-A77BD8409A89}"
EndProject
Global
	GlobalSection(SolutionConfigurationPlatforms) = preSolution
		Debug|x64 = Debug|x64
		Debug|x86 = Debug|x86
		Release|x64 = Release|x64
		Release|x86 = Release|x86
	EndGlobalSection
	GlobalSection(ProjectConfigurationPlatforms) = postSolution
		{08E975AA-D084-42FF-B34A-9BB007FA0AC5}.Debug|x64.ActiveCfg = Debug|x64
		{08E975AA-D084-42FF-B34A-9BB007FA0AC5}.Debug|x64.Build.0 = Debug|x64
		{08E975AA-D084-42FF-B34A-9BB007FA0AC5}.Debug|x86.ActiveCfg = Debug|Win32
		{08E975AA-D084-42FF-B34A-9BB007FA0AC5}.Debug|x86.Build.0 = Debug|Win32
		{08E975AA-D084-42FF-B34A-9BB007FA0AC5}.Release|x64.ActiveCfg = Release|x64
		{08E975AA-D084-42FF-B34A-9BB007FA0AC5}.Release|x64.Build.0 = Release|x64
		{08E975AA-D084-42FF-B34A-9BB007FA0AC5}.Release|x86.ActiveCfg = Release|Win32
		{08E975AA-D084-42FF-B34A-9BB007FA0AC5}.Release|x86.Build.0 = Release|Win32
		{65048666-7455-4734-87B4-00A53C85C6CD}.Debug|x64.ActiveCfg = Debug|x64
		{65048666-7455-4734-87B4-00A53C85C6CD}.Debug|x64.Build.0 = Debug|x64
		{65048666-7455-4734-87B4-00A53C85C6CD}.Debug|x86.ActiveCfg = Debug|Win32
		{65048666-7455-4734-87B4-00A53C85C6CD}.Debug|x86.Build.0 = Debug|Win32
		{65048666-7455-4734-87B4-00A53C85C6CD}.Release|x64.ActiveCfg = Release|x64
		{65048666-7455-4734-87B4-00A53C85C6CD}.Release|x64.Build.0 = Release|x64
		{65048666-7455-4734-87B4-00A53C85C6CD}.Release|x86.ActiveCfg = Release|Win32
		{65048666-7455-4734-87B4-00A53C85C6CD}.Release|x86.Build.0 = Release|Win32
		{17EEC690-9498-4E3B-A1CC-274E0E1F06A3}.Debug|x64.ActiveCfg = Debug|x64
		{17EEC690-9498-4E3B-A1CC-274E0E1F06A3}.Debug|x64.Build.0 = Debug|x64
		{17EEC690-9498-4E3B-A1CC-274E0E1F06A3}.Debug|x86.ActiveCfg = Debug|Win32
		{17EEC690-9498-4E3B-A1CC-274E0E1F06A3}.Debug|x86.Build.0 = Debug|Win32
		{17EEC690-9498-4E3B-A1CC-274E0E1F06A3}.Release|x64.ActiveCfg = Release|x64
		{17EEC690-9498-4E3B-A1CC-274E0E1F06A3}.Release|x64.Build.0 = Release|x64
		{17EEC690-9498-4E3B-A1CC-274E0E1F06A3}.Release|x86.ActiveCfg = Release|Win32
		{17EEC690-9498-4E3B-A1CC-274E0E1F06A3}.Release|x86.Build.0 = Release|Win32
		{F0AFE93E-7137-40FF-81C1-DB7F7E800DF6}.Debug|x64.ActiveCfg = Debug|x64
		{F0AFE93E-7137-40FF-81C1-DB7F7E800DF6}.Debug|x64.Build.0 = Debug|x64
		{F0AFE93E-7137-40FF-81C1-DB7F7E800DF6}.Debug|x86.ActiveCfg = Debug|Win32
		{F0AFE93E-7137-40FF-81C1-DB7F7E800DF6}.Debug|x86.Build.0 = Debug|Win32
		{F0AFE93E-7137-40FF-81C1-DB7F7E800DF6}.Release|x64.ActiveCfg = Release|x64
		{F0AFE93E-7137-40FF-81C1-DB7F7E800DF6}.Release|x64.Build.0 = Release|x64
		{F0AFE93E-7137-40FF-81C1-DB7F7E800DF6}.Release|x86.ActiveCfg = Release|Win32
		{F0AFE93E-7137-40FF-81C1-DB7F7E800DF6}.Release|x86.Build.0 = Release|Win32
		{B6961F5C-E43B-46F2-B459-F4696ED76535}.Debug|x64.ActiveCfg = Debug|x64
		{B6961F5C-E43B-46F2-B459-F4696ED76535}.Debug|x64.Build.0 = Debug|x64
		{B6961F5C-E43B-46F2-B459-F4696ED76535}.Debug|x86.ActiveCfg = Debug|Win32
		{B6961F5C-E43B-46F2-B459-F4696ED76535}.Debug|x86.Build.0 = Debug|Win32
		{B6961F5C-E43B-46F2-B459-F4696ED76535}.Release|x64.ActiveCfg = Release|x64
		{B6961F5C-E43B-46F2-B459-F4696ED76535}.Release|x64.Build.0 = Release|x64
		{B6961F5C-E43B-46F2-B459-F4696ED76535}.Release|x86.ActiveCfg = Release|Win32
		{B6961F5C-E43B-46F2-B459-F4696ED76535}.Release|x86.Build.0 = Release|Win32
		{AE4CEFB9-8CB3-40A7-8000-AD545F9CCE9C}.Debug|x64.ActiveCfg = Debug|x64
		{AE4CEFB9-8CB3-40A7-8000-AD545F9CCE9C}.Debug|x64.Build.0 = Debug|x64
		{AE4CEFB9-8CB3-40A7-8000-AD545F9CCE9C}.Debug|x86.ActiveCfg = Debug|Win32
		{AE4CEFB9-8CB3-40A7-8000-AD545F9CCE9C}.Debug|x86.Build.0 = Debug|Win32
		{AE4CEFB9-8CB3-40A7-8000-AD545F9CCE9C}.Release|x64.ActiveCfg = Release|x64
		{AE4CEFB9-8CB3-40A7-8000-AD545F9CCE9C}.Release|x64.Build.0 = Release|x64
		{AE4CEFB9-8CB3-40A7-8000-AD545F9CCE9C}.Release|x86.ActiveCfg = Release|Win32
		{AE4CEFB9-8CB3-40A7-8000-AD545F9CCE9C}.Release|x86.Build.0 = Release|Win32
		{46E22CB1-4A5A-4450-9292-32036FC08566}.Debug|x64.ActiveCfg = Debug|x64
		{46E22CB1-4A5A-4450-9292-32036FC08566}.Debug|x64.Build.0 = Debug|x64
		{46E22CB1-4A5A-4450-9292-32036FC08566}.Debug|x86.ActiveCfg = Debug|Win32
		{46E22CB1-4A5A-4450-9292-32036FC08566}.Debug|x86.Build.0 = Debug|Win32
		{46E22CB1-4A5A-4450-9292-32036FC08566}.Release|x64.ActiveCfg = Release|x64
		{46E22CB1-4A5A-4450-9292-32036FC08566}.Release|x64.Build.0 = Release|x64
		{46E22CB1-4A5A-4450-9292-32036FC08566}.Release|x86.ActiveCfg = Release|Win32
		{46E22CB1-4A5A-4450-9292-32036FC08566}.Release|x86.Build.0 = Release|Win32
		{2DD779C0-2278-45F1-8417-A77BD8409A89}.Debug|x64.ActiveCfg = Debug|x64
		{2DD779C0-2278-45F1-8417-A77BD8409A89}.Debug|x64.Build.0 = Debug|x64
		{2DD779C0-2278-45F1-8417-A77BD8409A89}.Debug|x86.ActiveCfg = Debug|Win32
		{2DD779C0-2278-45F1-8417-A77BD8409A89}.Debug|x86.Build.0 = Debug|Win32
		{2DD779C0-2278-45F1-8417-A77BD8409A89}.Release|x64.ActiveCfg = Release|x64
		{2DD779C0-2278-45F1-8417-A77BD8409A89}.Release|x64.Build.0 = Release|x64
		{2DD779C0-2278-45F1-8417-A77BD8409A89}.Release|x86.ActiveCfg = Release|Win32
		{2DD779C0-2278-45F1-8417-A77BD8409A89}.Release|x86.Build.0 = Release|Win32
	EndGlobalSection
	GlobalSection(SolutionProperties) = preSolution
		HideSolutionNode = FALSE
	EndGlobalSection
EndGlobal
